
Microsoft Visual Studio Solution File, Format Version 12.00
# Visual Studio Version 17
VisualStudioVersion = 17.14.36616.10 d17.14
MinimumVisualStudioVersion = 10.0.40219.1
Project("{FAE04EC0-301F-11D3-BF4B-00C04F79EFBC}") = "Tabibi.API", "Tabibi.API\Tabibi.API.csproj", "{0794B612-8C71-4F67-800E-C048E473A824}"
EndProject
Global
	GlobalSection(SolutionConfigurationPlatforms) = preSolution
		Debug|Any CPU = Debug|Any CPU
		Release|Any CPU = Release|Any CPU
	EndGlobalSection
	GlobalSection(ProjectConfigurationPlatforms) = postSolution
		{0794B612-8C71-4F67-800E-C048E473A824}.Debug|Any CPU.ActiveCfg = Debug|Any CPU
		{0794B612-8C71-4F67-800E-C048E473A824}.Debug|Any CPU.Build.0 = Debug|Any CPU
		{0794B612-8C71-4F67-800E-C048E473A824}.Release|Any CPU.ActiveCfg = Release|Any CPU
		{0794B612-8C71-4F67-800E-C048E473A824}.Release|Any CPU.Build.0 = Release|Any CPU
	EndGlobalSection
	GlobalSection(SolutionProperties) = preSolution
		HideSolutionNode = FALSE
	EndGlobalSection
	GlobalSection(ExtensibilityGlobals) = postSolution
		SolutionGuid = {7BA99C46-8AFE-464C-9EFE-4AC6AF039F84}
	EndGlobalSection
EndGlobal
